// !$*UTF8*$!
{
	archiveVersion = 1;
	classes = {
	};
	objectVersion = 50;
	objects = {

/* Begin PBXBuildFile section */
		3A42CCF5245A8F40004369F7 /* AppDelegate.swift in Sources */ = {isa = PBXBuildFile; fileRef = 3A42CCF4245A8F40004369F7 /* AppDelegate.swift */; };
		3A42CCF7245A8F40004369F7 /* SceneDelegate.swift in Sources */ = {isa = PBXBuildFile; fileRef = 3A42CCF6245A8F40004369F7 /* SceneDelegate.swift */; };
		3A42CCF9245A8F40004369F7 /* LoginViewController.swift in Sources */ = {isa = PBXBuildFile; fileRef = 3A42CCF8245A8F40004369F7 /* LoginViewController.swift */; };
		3A42CCFC245A8F40004369F7 /* Main.storyboard in Resources */ = {isa = PBXBuildFile; fileRef = 3A42CCFA245A8F40004369F7 /* Main.storyboard */; };
		3A42CCFF245A8F40004369F7 /* Week7AuthMap.xcdatamodeld in Sources */ = {isa = PBXBuildFile; fileRef = 3A42CCFD245A8F40004369F7 /* Week7AuthMap.xcdatamodeld */; };
		3A42CD01245A8F43004369F7 /* Assets.xcassets in Resources */ = {isa = PBXBuildFile; fileRef = 3A42CD00245A8F43004369F7 /* Assets.xcassets */; };
		3A42CD04245A8F43004369F7 /* LaunchScreen.storyboard in Resources */ = {isa = PBXBuildFile; fileRef = 3A42CD02245A8F43004369F7 /* LaunchScreen.storyboard */; };
		3A42CD0C245A8FE7004369F7 /* MapViewController.swift in Sources */ = {isa = PBXBuildFile; fileRef = 3A42CD0B245A8FE7004369F7 /* MapViewController.swift */; };
		3A42CD0E245AA6BC004369F7 /* Locations.swift in Sources */ = {isa = PBXBuildFile; fileRef = 3A42CD0D245AA6BC004369F7 /* Locations.swift */; };
/* End PBXBuildFile section */

/* Begin PBXFileReference section */
		3A42CCF1245A8F40004369F7 /* Week7AuthMap.app */ = {isa = PBXFileReference; explicitFileType = wrapper.application; includeInIndex = 0; path = Week7AuthMap.app; sourceTree = BUILT_PRODUCTS_DIR; };
		3A42CCF4245A8F40004369F7 /* AppDelegate.swift */ = {isa = PBXFileReference; lastKnownFileType = sourcecode.swift; path = AppDelegate.swift; sourceTree = "<group>"; };
		3A42CCF6245A8F40004369F7 /* SceneDelegate.swift */ = {isa = PBXFileReference; lastKnownFileType = sourcecode.swift; path = SceneDelegate.swift; sourceTree = "<group>"; };
		3A42CCF8245A8F40004369F7 /* LoginViewController.swift */ = {isa = PBXFileReference; lastKnownFileType = sourcecode.swift; path = LoginViewController.swift; sourceTree = "<group>"; };
		3A42CCFB245A8F40004369F7 /* Base */ = {isa = PBXFileReference; lastKnownFileType = file.storyboard; name = Base; path = Base.lproj/Main.storyboard; sourceTree = "<group>"; };
		3A42CCFE245A8F40004369F7 /* Week7AuthMap.xcdatamodel */ = {isa = PBXFileReference; lastKnownFileType = wrapper.xcdatamodel; path = Week7AuthMap.xcdatamodel; sourceTree = "<group>"; };
		3A42CD00245A8F43004369F7 /* Assets.xcassets */ = {isa = PBXFileReference; lastKnownFileType = folder.assetcatalog; path = Assets.xcassets; sourceTree = "<group>"; };
		3A42CD03245A8F43004369F7 /* Base */ = {isa = PBXFileReference; lastKnownFileType = file.storyboard; name = Base; path = Base.lproj/LaunchScreen.storyboard; sourceTree = "<group>"; };
		3A42CD05245A8F43004369F7 /* Info.plist */ = {isa = PBXFileReference; lastKnownFileType = text.plist.xml; path = Info.plist; sourceTree = "<group>"; };
		3A42CD0B245A8FE7004369F7 /* MapViewController.swift */ = {isa = PBXFileReference; lastKnownFileType = sourcecode.swift; path = MapViewController.swift; sourceTree = "<group>"; };
		3A42CD0D245AA6BC004369F7 /* Locations.swift */ = {isa = PBXFileReference; lastKnownFileType = sourcecode.swift; path = Locations.swift; sourceTree = "<group>"; };
		3A42CD0F245AE3B9004369F7 /* es */ = {isa = PBXFileReference; lastKnownFileType = text.plist.strings; name = es; path = es.lproj/Main.strings; sourceTree = "<group>"; };
		3A42CD10245AE3BA004369F7 /* es */ = {isa = PBXFileReference; lastKnownFileType = text.plist.strings; name = es; path = es.lproj/LaunchScreen.strings; sourceTree = "<group>"; };
		3A42CD12245AE4FA004369F7 /* en */ = {isa = PBXFileReference; lastKnownFileType = text.plist.strings; name = en; path = en.lproj/Main.strings; sourceTree = "<group>"; };
/* End PBXFileReference section */

/* Begin PBXFrameworksBuildPhase section */
		3A42CCEE245A8F40004369F7 /* Frameworks */ = {
			isa = PBXFrameworksBuildPhase;
			buildActionMask = 2147483647;
			files = (
			);
			runOnlyForDeploymentPostprocessing = 0;
		};
/* End PBXFrameworksBuildPhase section */

/* Begin PBXGroup section */
		3A42CCE8245A8F40004369F7 = {
			isa = PBXGroup;
			children = (
				3A42CCF3245A8F40004369F7 /* Week7AuthMap */,
				3A42CCF2245A8F40004369F7 /* Products */,
			);
			sourceTree = "<group>";
		};
		3A42CCF2245A8F40004369F7 /* Products */ = {
			isa = PBXGroup;
			children = (
				3A42CCF1245A8F40004369F7 /* Week7AuthMap.app */,
			);
			name = Products;
			sourceTree = "<group>";
		};
		3A42CCF3245A8F40004369F7 /* Week7AuthMap */ = {
			isa = PBXGroup;
			children = (
				3A42CCF4245A8F40004369F7 /* AppDelegate.swift */,
				3A42CCF6245A8F40004369F7 /* SceneDelegate.swift */,
				3A42CCF8245A8F40004369F7 /* LoginViewController.swift */,
				3A42CD0B245A8FE7004369F7 /* MapViewController.swift */,
				3A42CCFA245A8F40004369F7 /* Main.storyboard */,
				3A42CD0D245AA6BC004369F7 /* Locations.swift */,
				3A42CD00245A8F43004369F7 /* Assets.xcassets */,
				3A42CD02245A8F43004369F7 /* LaunchScreen.storyboard */,
				3A42CD05245A8F43004369F7 /* Info.plist */,
				3A42CCFD245A8F40004369F7 /* Week7AuthMap.xcdatamodeld */,
			);
			path = Week7AuthMap;
			sourceTree = "<group>";
		};
/* End PBXGroup section */

/* Begin PBXNativeTarget section */
		3A42CCF0245A8F40004369F7 /* Week7AuthMap */ = {
			isa = PBXNativeTarget;
			buildConfigurationList = 3A42CD08245A8F43004369F7 /* Build configuration list for PBXNativeTarget "Week7AuthMap" */;
			buildPhases = (
				3A42CCED245A8F40004369F7 /* Sources */,
				3A42CCEE245A8F40004369F7 /* Frameworks */,
				3A42CCEF245A8F40004369F7 /* Resources */,
			);
			buildRules = (
			);
			dependencies = (
			);
			name = Week7AuthMap;
			productName = Week7AuthMap;
			productReference = 3A42CCF1245A8F40004369F7 /* Week7AuthMap.app */;
			productType = "com.apple.product-type.application";
		};
/* End PBXNativeTarget section */

/* Begin PBXProject section */
		3A42CCE9245A8F40004369F7 /* Project object */ = {
			isa = PBXProject;
			attributes = {
				LastSwiftUpdateCheck = 1130;
				LastUpgradeCheck = 1130;
				ORGANIZATIONNAME = "Field Employee";
				TargetAttributes = {
					3A42CCF0245A8F40004369F7 = {
						CreatedOnToolsVersion = 11.3.1;
					};
				};
			};
			buildConfigurationList = 3A42CCEC245A8F40004369F7 /* Build configuration list for PBXProject "Week7AuthMap" */;
			compatibilityVersion = "Xcode 9.3";
			developmentRegion = en;
			hasScannedForEncodings = 0;
			knownRegions = (
				en,
				Base,
				es,
			);
			mainGroup = 3A42CCE8245A8F40004369F7;
			productRefGroup = 3A42CCF2245A8F40004369F7 /* Products */;
			projectDirPath = "";
			projectRoot = "";
			targets = (
				3A42CCF0245A8F40004369F7 /* Week7AuthMap */,
			);
		};
/* End PBXProject section */

/* Begin PBXResourcesBuildPhase section */
		3A42CCEF245A8F40004369F7 /* Resources */ = {
			isa = PBXResourcesBuildPhase;
			buildActionMask = 2147483647;
			files = (
				3A42CD04245A8F43004369F7 /* LaunchScreen.storyboard in Resources */,
				3A42CD01245A8F43004369F7 /* Assets.xcassets in Resources */,
				3A42CCFC245A8F40004369F7 /* Main.storyboard in Resources */,
			);
			runOnlyForDeploymentPostprocessing = 0;
		};
/* End PBXResourcesBuildPhase section */

/* Begin PBXSourcesBuildPhase section */
		3A42CCED245A8F40004369F7 /* Sources */ = {
			isa = PBXSourcesBuildPhase;
			buildActionMask = 2147483647;
			files = (
				3A42CD0E245AA6BC004369F7 /* Locations.swift in Sources */,
				3A42CCFF245A8F40004369F7 /* Week7AuthMap.xcdatamodeld in Sources */,
				3A42CCF9245A8F40004369F7 /* LoginViewController.swift in Sources */,
				3A42CCF5245A8F40004369F7 /* AppDelegate.swift in Sources */,
				3A42CD0C245A8FE7004369F7 /* MapViewController.swift in Sources */,
				3A42CCF7245A8F40004369F7 /* SceneDelegate.swift in Sources */,
			);
			runOnlyForDeploymentPostprocessing = 0;
		};
/* End PBXSourcesBuildPhase section */

/* Begin PBXVariantGroup section */
		3A42CCFA245A8F40004369F7 /* Main.storyboard */ = {
			isa = PBXVariantGroup;
			children = (
				3A42CCFB245A8F40004369F7 /* Base */,
				3A42CD0F245AE3B9004369F7 /* es */,
				3A42CD12245AE4FA004369F7 /* en */,
			);
			name = Main.storyboard;
			sourceTree = "<group>";
		};
		3A42CD02245A8F43004369F7 /* LaunchScreen.storyboard */ = {
			isa = PBXVariantGroup;
			children = (
				3A42CD03245A8F43004369F7 /* Base */,
				3A42CD10245AE3BA004369F7 /* es */,
			);
			name = LaunchScreen.storyboard;
			sourceTree = "<group>";
		};
/* End PBXVariantGroup section */

/* Begin XCBuildConfiguration section */
		3A42CD06245A8F43004369F7 /* Debug */ = {
			isa = XCBuildConfiguration;
			buildSettings = {
				ALWAYS_SEARCH_USER_PATHS = NO;
				CLANG_ANALYZER_LOCALIZABILITY_NONLOCALIZED = YES;
				CLANG_ANALYZER_NONNULL = YES;
				CLANG_ANALYZER_NUMBER_OBJECT_CONVERSION = YES_AGGRESSIVE;
				CLANG_CXX_LANGUAGE_STANDARD = "gnu++14";
				CLANG_CXX_LIBRARY = "libc++";
				CLANG_ENABLE_MODULES = YES;
				CLANG_ENABLE_OBJC_ARC = YES;
				CLANG_ENABLE_OBJC_WEAK = YES;
				CLANG_WARN_BLOCK_CAPTURE_AUTORELEASING = YES;
				CLANG_WARN_BOOL_CONVERSION = YES;
				CLANG_WARN_COMMA = YES;
				CLANG_WARN_CONSTANT_CONVERSION = YES;
				CLANG_WARN_DEPRECATED_OBJC_IMPLEMENTATIONS = YES;
				CLANG_WARN_DIRECT_OBJC_ISA_USAGE = YES_ERROR;
				CLANG_WARN_DOCUMENTATION_COMMENTS = YES;
				CLANG_WARN_EMPTY_BODY = YES;
				CLANG_WARN_ENUM_CONVERSION = YES;
				CLANG_WARN_INFINITE_RECURSION = YES;
				CLANG_WARN_INT_CONVERSION = YES;
				CLANG_WARN_NON_LITERAL_NULL_CONVERSION = YES;
				CLANG_WARN_OBJC_IMPLICIT_RETAIN_SELF = YES;
				CLANG_WARN_OBJC_LITERAL_CONVERSION = YES;
				CLANG_WARN_OBJC_ROOT_CLASS = YES_ERROR;
				CLANG_WARN_RANGE_LOOP_ANALYSIS = YES;
				CLANG_WARN_STRICT_PROTOTYPES = YES;
				CLANG_WARN_SUSPICIOUS_MOVE = YES;
				CLANG_WARN_UNGUARDED_AVAILABILITY = YES_AGGRESSIVE;
				CLANG_WARN_UNREACHABLE_CODE = YES;
				CLANG_WARN__DUPLICATE_METHOD_MATCH = YES;
				COPY_PHASE_STRIP = NO;
				DEBUG_INFORMATION_FORMAT = dwarf;
				ENABLE_STRICT_OBJC_MSGSEND = YES;
				ENABLE_TESTABILITY = YES;
				GCC_C_LANGUAGE_STANDARD = gnu11;
				GCC_DYNAMIC_NO_PIC = NO;
				GCC_NO_COMMON_BLOCKS = YES;
				GCC_OPTIMIZATION_LEVEL = 0;
				GCC_PREPROCESSOR_DEFINITIONS = (
					"DEBUG=1",
					"$(inherited)",
				);
				GCC_WARN_64_TO_32_BIT_CONVERSION = YES;
				GCC_WARN_ABOUT_RETURN_TYPE = YES_ERROR;
				GCC_WARN_UNDECLARED_SELECTOR = YES;
				GCC_WARN_UNINITIALIZED_AUTOS = YES_AGGRESSIVE;
				GCC_WARN_UNUSED_FUNCTION = YES;
				GCC_WARN_UNUSED_VARIABLE = YES;
				IPHONEOS_DEPLOYMENT_TARGET = 13.2;
				MTL_ENABLE_DEBUG_INFO = INCLUDE_SOURCE;
				MTL_FAST_MATH = YES;
				ONLY_ACTIVE_ARCH = YES;
				SDKROOT = iphoneos;
				SWIFT_ACTIVE_COMPILATION_CONDITIONS = DEBUG;
				SWIFT_OPTIMIZATION_LEVEL = "-Onone";
			};
			name = Debug;
		};
		3A42CD07245A8F43004369F7 /* Release */ = {
			isa = XCBuildConfiguration;
			buildSettings = {
				ALWAYS_SEARCH_USER_PATHS = NO;
				CLANG_ANALYZER_LOCALIZABILITY_NONLOCALIZED = YES;
				CLANG_ANALYZER_NONNULL = YES;
				CLANG_ANALYZER_NUMBER_OBJECT_CONVERSION = YES_AGGRESSIVE;
				CLANG_CXX_LANGUAGE_STANDARD = "gnu++14";
				CLANG_CXX_LIBRARY = "libc++";
				CLANG_ENABLE_MODULES = YES;
				CLANG_ENABLE_OBJC_ARC = YES;
				CLANG_ENABLE_OBJC_WEAK = YES;
				CLANG_WARN_BLOCK_CAPTURE_AUTORELEASING = YES;
				CLANG_WARN_BOOL_CONVERSION = YES;
				CLANG_WARN_COMMA = YES;
				CLANG_WARN_CONSTANT_CONVERSION = YES;
				CLANG_WARN_DEPRECATED_OBJC_IMPLEMENTATIONS = YES;
				CLANG_WARN_DIRECT_OBJC_ISA_USAGE = YES_ERROR;
				CLANG_WARN_DOCUMENTATION_COMMENTS = YES;
				CLANG_WARN_EMPTY_BODY = YES;
				CLANG_WARN_ENUM_CONVERSION = YES;
				CLANG_WARN_INFINITE_RECURSION = YES;
				CLANG_WARN_INT_CONVERSION = YES;
				CLANG_WARN_NON_LITERAL_NULL_CONVERSION = YES;
				CLANG_WARN_OBJC_IMPLICIT_RETAIN_SELF = YES;
				CLANG_WARN_OBJC_LITERAL_CONVERSION = YES;
				CLANG_WARN_OBJC_ROOT_CLASS = YES_ERROR;
				CLANG_WARN_RANGE_LOOP_ANALYSIS = YES;
				CLANG_WARN_STRICT_PROTOTYPES = YES;
				CLANG_WARN_SUSPICIOUS_MOVE = YES;
				CLANG_WARN_UNGUARDED_AVAILABILITY = YES_AGGRESSIVE;
				CLANG_WARN_UNREACHABLE_CODE = YES;
				CLANG_WARN__DUPLICATE_METHOD_MATCH = YES;
				COPY_PHASE_STRIP = NO;
				DEBUG_INFORMATION_FORMAT = "dwarf-with-dsym";
				ENABLE_NS_ASSERTIONS = NO;
				ENABLE_STRICT_OBJC_MSGSEND = YES;
				GCC_C_LANGUAGE_STANDARD = gnu11;
				GCC_NO_COMMON_BLOCKS = YES;
				GCC_WARN_64_TO_32_BIT_CONVERSION = YES;
				GCC_WARN_ABOUT_RETURN_TYPE = YES_ERROR;
				GCC_WARN_UNDECLARED_SELECTOR = YES;
				GCC_WARN_UNINITIALIZED_AUTOS = YES_AGGRESSIVE;
				GCC_WARN_UNUSED_FUNCTION = YES;
				GCC_WARN_UNUSED_VARIABLE = YES;
				IPHONEOS_DEPLOYMENT_TARGET = 13.2;
				MTL_ENABLE_DEBUG_INFO = NO;
				MTL_FAST_MATH = YES;
				SDKROOT = iphoneos;
				SWIFT_COMPILATION_MODE = wholemodule;
				SWIFT_OPTIMIZATION_LEVEL = "-O";
				VALIDATE_PRODUCT = YES;
			};
			name = Release;
		};
		3A42CD09245A8F43004369F7 /* Debug */ = {
			isa = XCBuildConfiguration;
			buildSettings = {
				ASSETCATALOG_COMPILER_APPICON_NAME = AppIcon;
				CODE_SIGN_STYLE = Automatic;
				DEVELOPMENT_TEAM = 353AUX545F;
				INFOPLIST_FILE = Week7AuthMap/Info.plist;
				LD_RUNPATH_SEARCH_PATHS = (
					"$(inherited)",
					"@executable_path/Frameworks",
				);
				PRODUCT_BUNDLE_IDENTIFIER = EnhanceIT.Week7AuthMap;
				PRODUCT_NAME = "$(TARGET_NAME)";
				SWIFT_VERSION = 5.0;
				TARGETED_DEVICE_FAMILY = "1,2";
			};
			name = Debug;
		};
		3A42CD0A245A8F43004369F7 /* Release */ = {
			isa = XCBuildConfiguration;
			buildSettings = {
				ASSETCATALOG_COMPILER_APPICON_NAME = AppIcon;
				CODE_SIGN_STYLE = Automatic;
				DEVELOPMENT_TEAM = 353AUX545F;
				INFOPLIST_FILE = Week7AuthMap/Info.plist;
				LD_RUNPATH_SEARCH_PATHS = (
					"$(inherited)",
					"@executable_path/Frameworks",
				);
				PRODUCT_BUNDLE_IDENTIFIER = EnhanceIT.Week7AuthMap;
				PRODUCT_NAME = "$(TARGET_NAME)";
				SWIFT_VERSION = 5.0;
				TARGETED_DEVICE_FAMILY = "1,2";
			};
			name = Release;
		};
/* End XCBuildConfiguration section */

/* Begin XCConfigurationList section */
		3A42CCEC245A8F40004369F7 /* Build configuration list for PBXProject "Week7AuthMap" */ = {
			isa = XCConfigurationList;
			buildConfigurations = (
				3A42CD06245A8F43004369F7 /* Debug */,
				3A42CD07245A8F43004369F7 /* Release */,
			);
			defaultConfigurationIsVisible = 0;
			defaultConfigurationName = Release;
		};
		3A42CD08245A8F43004369F7 /* Build configuration list for PBXNativeTarget "Week7AuthMap" */ = {
			isa = XCConfigurationList;
			buildConfigurations = (
				3A42CD09245A8F43004369F7 /* Debug */,
				3A42CD0A245A8F43004369F7 /* Release */,
			);
			defaultConfigurationIsVisible = 0;
			defaultConfigurationName = Release;
		};
/* End XCConfigurationList section */

/* Begin XCVersionGroup section */
		3A42CCFD245A8F40004369F7 /* Week7AuthMap.xcdatamodeld */ = {
			isa = XCVersionGroup;
			children = (
				3A42CCFE245A8F40004369F7 /* Week7AuthMap.xcdatamodel */,
			);
			currentVersion = 3A42CCFE245A8F40004369F7 /* Week7AuthMap.xcdatamodel */;
			path = Week7AuthMap.xcdatamodeld;
			sourceTree = "<group>";
			versionGroupType = wrapper.xcdatamodel;
		};
/* End XCVersionGroup section */
	};
	rootObject = 3A42CCE9245A8F40004369F7 /* Project object */;
}
